
Microsoft Visual Studio Solution File, Format Version 12.00
# Visual Studio Version 16
VisualStudioVersion = 16.0.32602.291
MinimumVisualStudioVersion = 10.0.40219.1
Project("{FAE04EC0-301F-11D3-BF4B-00C04F79EFBC}") = "InheritanceDemo", "InheritanceDemo\InheritanceDemo.csproj", "{EE4DE405-79BA-4532-BC43-05E68DE3AF80}"
EndProject
Global
	GlobalSection(SolutionConfigurationPlatforms) = preSolution
		Debug|Any CPU = Debug|Any CPU
		Release|Any CPU = Release|Any CPU
	EndGlobalSection
	GlobalSection(ProjectConfigurationPlatforms) = postSolution
		{EE4DE405-79BA-4532-BC43-05E68DE3AF80}.Debug|Any CPU.ActiveCfg = Debug|Any CPU
		{EE4DE405-79BA-4532-BC43-05E68DE3AF80}.Debug|Any CPU.Build.0 = Debug|Any CPU
		{EE4DE405-79BA-4532-BC43-05E68DE3AF80}.Release|Any CPU.ActiveCfg = Release|Any CPU
		{EE4DE405-79BA-4532-BC43-05E68DE3AF80}.Release|Any CPU.Build.0 = Release|Any CPU
	EndGlobalSection
	GlobalSection(SolutionProperties) = preSolution
		HideSolutionNode = FALSE
	EndGlobalSection
	GlobalSection(ExtensibilityGlobals) = postSolution
		SolutionGuid = {517D8955-0F20-49C4-92A9-5BFCDDBF736A}
	EndGlobalSection
EndGlobal
